// !$*UTF8*$!
{
	archiveVersion = 1;
	classes = {
	};
	objectVersion = 56;
	objects = {

/* Begin PBXBuildFile section */
		FA2DE6612C93440C00A99164 /* Kingfisher in Frameworks */ = {isa = PBXBuildFile; productRef = FA2DE6602C93440C00A99164 /* Kingfisher */; };
		FA9B54722C930B5F00A7A7F9 /* Network.swift in Sources */ = {isa = PBXBuildFile; fileRef = FA9B54712C930B5F00A7A7F9 /* Network.swift */; };
		FA9B54742C930B8200A7A7F9 /* NetworkError.swift in Sources */ = {isa = PBXBuildFile; fileRef = FA9B54732C930B8200A7A7F9 /* NetworkError.swift */; };
		FA9B54762C930BC200A7A7F9 /* APIService.swift in Sources */ = {isa = PBXBuildFile; fileRef = FA9B54752C930BC200A7A7F9 /* APIService.swift */; };
		FA9B54782C930C5500A7A7F9 /* ServiceError.swift in Sources */ = {isa = PBXBuildFile; fileRef = FA9B54772C930C5500A7A7F9 /* ServiceError.swift */; };
		FA9B547C2C930CF100A7A7F9 /* CoreDataService.swift in Sources */ = {isa = PBXBuildFile; fileRef = FA9B547B2C930CF100A7A7F9 /* CoreDataService.swift */; };
		FA9B547E2C930CFC00A7A7F9 /* UserDefaultsService.swift in Sources */ = {isa = PBXBuildFile; fileRef = FA9B547D2C930CFC00A7A7F9 /* UserDefaultsService.swift */; };
		FA9B54802C930D0B00A7A7F9 /* KeychainService.swift in Sources */ = {isa = PBXBuildFile; fileRef = FA9B547F2C930D0B00A7A7F9 /* KeychainService.swift */; };
		FA9B54822C930D1C00A7A7F9 /* PersistenceService.swift in Sources */ = {isa = PBXBuildFile; fileRef = FA9B54812C930D1C00A7A7F9 /* PersistenceService.swift */; };
		FA9B54842C930D7E00A7A7F9 /* HTTPMethod.swift in Sources */ = {isa = PBXBuildFile; fileRef = FA9B54832C930D7E00A7A7F9 /* HTTPMethod.swift */; };
		FA9B54862C930DD400A7A7F9 /* DefaultBundleManager.swift in Sources */ = {isa = PBXBuildFile; fileRef = FA9B54852C930DD400A7A7F9 /* DefaultBundleManager.swift */; };
		FA9B54882C930DF400A7A7F9 /* BundleError.swift in Sources */ = {isa = PBXBuildFile; fileRef = FA9B54872C930DF400A7A7F9 /* BundleError.swift */; };
		FA9B548B2C930F7700A7A7F9 /* Repository.swift in Sources */ = {isa = PBXBuildFile; fileRef = FA9B548A2C930F7700A7A7F9 /* Repository.swift */; };
		FA9B548D2C930F8700A7A7F9 /* PicsumPhotoRepository.swift in Sources */ = {isa = PBXBuildFile; fileRef = FA9B548C2C930F8700A7A7F9 /* PicsumPhotoRepository.swift */; };
		FA9B548F2C930FEE00A7A7F9 /* ViewModelError.swift in Sources */ = {isa = PBXBuildFile; fileRef = FA9B548E2C930FEE00A7A7F9 /* ViewModelError.swift */; };
		FAA2DDC12C91E228005DD57D /* PicsumPhotosService.swift in Sources */ = {isa = PBXBuildFile; fileRef = FAA2DDC02C91E228005DD57D /* PicsumPhotosService.swift */; };
		FAA2DDC32C91E23F005DD57D /* NetworkManager.swift in Sources */ = {isa = PBXBuildFile; fileRef = FAA2DDC22C91E23F005DD57D /* NetworkManager.swift */; };
		FAA2DDCA2C91E287005DD57D /* BundleManager.swift in Sources */ = {isa = PBXBuildFile; fileRef = FAA2DDC92C91E287005DD57D /* BundleManager.swift */; };
		FAA2DDCF2C91E2C9005DD57D /* DataSource.swift in Sources */ = {isa = PBXBuildFile; fileRef = FAA2DDCE2C91E2C9005DD57D /* DataSource.swift */; };
		FAA2DDD42C91E585005DD57D /* APIRequestBuilder.swift in Sources */ = {isa = PBXBuildFile; fileRef = FAA2DDD32C91E585005DD57D /* APIRequestBuilder.swift */; };
		FAA2DDD72C91E60A005DD57D /* PicsumPhotosRequestBuilder.swift in Sources */ = {isa = PBXBuildFile; fileRef = FAA2DDD62C91E60A005DD57D /* PicsumPhotosRequestBuilder.swift */; };
		FAB064832C90A4C000643FF1 /* TestPicsumPhotos.json in Resources */ = {isa = PBXBuildFile; fileRef = FAB064822C90A4C000643FF1 /* TestPicsumPhotos.json */; };
		FAB064872C90F72B00643FF1 /* PhotosGridViewModel.swift in Sources */ = {isa = PBXBuildFile; fileRef = FAB064862C90F72B00643FF1 /* PhotosGridViewModel.swift */; };
		FAB0648D2C90FC6900643FF1 /* NetworkManagerTests.swift in Sources */ = {isa = PBXBuildFile; fileRef = FAB0648C2C90FC6900643FF1 /* NetworkManagerTests.swift */; };
		FABE6B502C8E6B7B002F0F87 /* PhotoFetchApp.swift in Sources */ = {isa = PBXBuildFile; fileRef = FABE6B4F2C8E6B7B002F0F87 /* PhotoFetchApp.swift */; };
		FABE6B522C8E6B7B002F0F87 /* HomeView.swift in Sources */ = {isa = PBXBuildFile; fileRef = FABE6B512C8E6B7B002F0F87 /* HomeView.swift */; };
		FABE6B542C8E6B7D002F0F87 /* Assets.xcassets in Resources */ = {isa = PBXBuildFile; fileRef = FABE6B532C8E6B7D002F0F87 /* Assets.xcassets */; };
		FABE6B572C8E6B7D002F0F87 /* Preview Assets.xcassets in Resources */ = {isa = PBXBuildFile; fileRef = FABE6B562C8E6B7D002F0F87 /* Preview Assets.xcassets */; };
		FABE6B7A2C8E6B8C002F0F87 /* README.md in Resources */ = {isa = PBXBuildFile; fileRef = FABE6B792C8E6B8C002F0F87 /* README.md */; };
		FABE6B7D2C8E6F74002F0F87 /* PicsumPhoto.swift in Sources */ = {isa = PBXBuildFile; fileRef = FABE6B7C2C8E6F74002F0F87 /* PicsumPhoto.swift */; };
		FABE6B7F2C8E704E002F0F87 /* PhotoLoaderView.swift in Sources */ = {isa = PBXBuildFile; fileRef = FABE6B7E2C8E704E002F0F87 /* PhotoLoaderView.swift */; };
		FABE6B862C8E733B002F0F87 /* PhotoCardView.swift in Sources */ = {isa = PBXBuildFile; fileRef = FABE6B852C8E733B002F0F87 /* PhotoCardView.swift */; };
		FABE6B882C8E740D002F0F87 /* PhotosGridView.swift in Sources */ = {isa = PBXBuildFile; fileRef = FABE6B872C8E740D002F0F87 /* PhotosGridView.swift */; };
		FADB7D392C934D7D00B6BC37 /* SessionBuilder.swift in Sources */ = {isa = PBXBuildFile; fileRef = FADB7D382C934D7D00B6BC37 /* SessionBuilder.swift */; };
		FADB7D3B2C93677D00B6BC37 /* BaseAPIService.swift in Sources */ = {isa = PBXBuildFile; fileRef = FADB7D3A2C93677D00B6BC37 /* BaseAPIService.swift */; };
/* End PBXBuildFile section */

/* Begin PBXContainerItemProxy section */
		FABE6B5D2C8E6B7D002F0F87 /* PBXContainerItemProxy */ = {
			isa = PBXContainerItemProxy;
			containerPortal = FABE6B442C8E6B7B002F0F87 /* Project object */;
			proxyType = 1;
			remoteGlobalIDString = FABE6B4B2C8E6B7B002F0F87;
			remoteInfo = ImageAsync;
		};
		FABE6B672C8E6B7D002F0F87 /* PBXContainerItemProxy */ = {
			isa = PBXContainerItemProxy;
			containerPortal = FABE6B442C8E6B7B002F0F87 /* Project object */;
			proxyType = 1;
			remoteGlobalIDString = FABE6B4B2C8E6B7B002F0F87;
			remoteInfo = ImageAsync;
		};
/* End PBXContainerItemProxy section */

/* Begin PBXFileReference section */
		FA9B54712C930B5F00A7A7F9 /* Network.swift */ = {isa = PBXFileReference; lastKnownFileType = sourcecode.swift; path = Network.swift; sourceTree = "<group>"; };
		FA9B54732C930B8200A7A7F9 /* NetworkError.swift */ = {isa = PBXFileReference; lastKnownFileType = sourcecode.swift; path = NetworkError.swift; sourceTree = "<group>"; };
		FA9B54752C930BC200A7A7F9 /* APIService.swift */ = {isa = PBXFileReference; lastKnownFileType = sourcecode.swift; path = APIService.swift; sourceTree = "<group>"; };
		FA9B54772C930C5500A7A7F9 /* ServiceError.swift */ = {isa = PBXFileReference; lastKnownFileType = sourcecode.swift; path = ServiceError.swift; sourceTree = "<group>"; };
		FA9B547B2C930CF100A7A7F9 /* CoreDataService.swift */ = {isa = PBXFileReference; lastKnownFileType = sourcecode.swift; path = CoreDataService.swift; sourceTree = "<group>"; };
		FA9B547D2C930CFC00A7A7F9 /* UserDefaultsService.swift */ = {isa = PBXFileReference; lastKnownFileType = sourcecode.swift; path = UserDefaultsService.swift; sourceTree = "<group>"; };
		FA9B547F2C930D0B00A7A7F9 /* KeychainService.swift */ = {isa = PBXFileReference; lastKnownFileType = sourcecode.swift; path = KeychainService.swift; sourceTree = "<group>"; };
		FA9B54812C930D1C00A7A7F9 /* PersistenceService.swift */ = {isa = PBXFileReference; lastKnownFileType = sourcecode.swift; path = PersistenceService.swift; sourceTree = "<group>"; };
		FA9B54832C930D7E00A7A7F9 /* HTTPMethod.swift */ = {isa = PBXFileReference; lastKnownFileType = sourcecode.swift; path = HTTPMethod.swift; sourceTree = "<group>"; };
		FA9B54852C930DD400A7A7F9 /* DefaultBundleManager.swift */ = {isa = PBXFileReference; lastKnownFileType = sourcecode.swift; path = DefaultBundleManager.swift; sourceTree = "<group>"; };
		FA9B54872C930DF400A7A7F9 /* BundleError.swift */ = {isa = PBXFileReference; lastKnownFileType = sourcecode.swift; path = BundleError.swift; sourceTree = "<group>"; };
		FA9B548A2C930F7700A7A7F9 /* Repository.swift */ = {isa = PBXFileReference; lastKnownFileType = sourcecode.swift; path = Repository.swift; sourceTree = "<group>"; };
		FA9B548C2C930F8700A7A7F9 /* PicsumPhotoRepository.swift */ = {isa = PBXFileReference; lastKnownFileType = sourcecode.swift; path = PicsumPhotoRepository.swift; sourceTree = "<group>"; };
		FA9B548E2C930FEE00A7A7F9 /* ViewModelError.swift */ = {isa = PBXFileReference; lastKnownFileType = sourcecode.swift; path = ViewModelError.swift; sourceTree = "<group>"; };
		FAA2DDC02C91E228005DD57D /* PicsumPhotosService.swift */ = {isa = PBXFileReference; lastKnownFileType = sourcecode.swift; path = PicsumPhotosService.swift; sourceTree = "<group>"; };
		FAA2DDC22C91E23F005DD57D /* NetworkManager.swift */ = {isa = PBXFileReference; lastKnownFileType = sourcecode.swift; path = NetworkManager.swift; sourceTree = "<group>"; };
		FAA2DDC92C91E287005DD57D /* BundleManager.swift */ = {isa = PBXFileReference; lastKnownFileType = sourcecode.swift; path = BundleManager.swift; sourceTree = "<group>"; };
		FAA2DDCE2C91E2C9005DD57D /* DataSource.swift */ = {isa = PBXFileReference; lastKnownFileType = sourcecode.swift; path = DataSource.swift; sourceTree = "<group>"; };
		FAA2DDD32C91E585005DD57D /* APIRequestBuilder.swift */ = {isa = PBXFileReference; lastKnownFileType = sourcecode.swift; path = APIRequestBuilder.swift; sourceTree = "<group>"; };
		FAA2DDD62C91E60A005DD57D /* PicsumPhotosRequestBuilder.swift */ = {isa = PBXFileReference; lastKnownFileType = sourcecode.swift; path = PicsumPhotosRequestBuilder.swift; sourceTree = "<group>"; };
		FAB064822C90A4C000643FF1 /* TestPicsumPhotos.json */ = {isa = PBXFileReference; fileEncoding = 4; lastKnownFileType = text.json; path = TestPicsumPhotos.json; sourceTree = "<group>"; };
		FAB064862C90F72B00643FF1 /* PhotosGridViewModel.swift */ = {isa = PBXFileReference; lastKnownFileType = sourcecode.swift; path = PhotosGridViewModel.swift; sourceTree = "<group>"; };
		FAB0648C2C90FC6900643FF1 /* NetworkManagerTests.swift */ = {isa = PBXFileReference; lastKnownFileType = sourcecode.swift; path = NetworkManagerTests.swift; sourceTree = "<group>"; };
		FABE6B4C2C8E6B7B002F0F87 /* PhotoFetcher.app */ = {isa = PBXFileReference; explicitFileType = wrapper.application; includeInIndex = 0; path = PhotoFetcher.app; sourceTree = BUILT_PRODUCTS_DIR; };
		FABE6B4F2C8E6B7B002F0F87 /* PhotoFetchApp.swift */ = {isa = PBXFileReference; lastKnownFileType = sourcecode.swift; path = PhotoFetchApp.swift; sourceTree = "<group>"; };
		FABE6B512C8E6B7B002F0F87 /* HomeView.swift */ = {isa = PBXFileReference; lastKnownFileType = sourcecode.swift; path = HomeView.swift; sourceTree = "<group>"; };
		FABE6B532C8E6B7D002F0F87 /* Assets.xcassets */ = {isa = PBXFileReference; lastKnownFileType = folder.assetcatalog; path = Assets.xcassets; sourceTree = "<group>"; };
		FABE6B562C8E6B7D002F0F87 /* Preview Assets.xcassets */ = {isa = PBXFileReference; lastKnownFileType = folder.assetcatalog; path = "Preview Assets.xcassets"; sourceTree = "<group>"; };
		FABE6B5C2C8E6B7D002F0F87 /* PhotoFetcherTests.xctest */ = {isa = PBXFileReference; explicitFileType = wrapper.cfbundle; includeInIndex = 0; path = PhotoFetcherTests.xctest; sourceTree = BUILT_PRODUCTS_DIR; };
		FABE6B662C8E6B7D002F0F87 /* PhotoFetcherUITests.xctest */ = {isa = PBXFileReference; explicitFileType = wrapper.cfbundle; includeInIndex = 0; path = PhotoFetcherUITests.xctest; sourceTree = BUILT_PRODUCTS_DIR; };
		FABE6B792C8E6B8C002F0F87 /* README.md */ = {isa = PBXFileReference; fileEncoding = 4; lastKnownFileType = net.daringfireball.markdown; path = README.md; sourceTree = "<group>"; };
		FABE6B7C2C8E6F74002F0F87 /* PicsumPhoto.swift */ = {isa = PBXFileReference; lastKnownFileType = sourcecode.swift; path = PicsumPhoto.swift; sourceTree = "<group>"; };
		FABE6B7E2C8E704E002F0F87 /* PhotoLoaderView.swift */ = {isa = PBXFileReference; lastKnownFileType = sourcecode.swift; path = PhotoLoaderView.swift; sourceTree = "<group>"; };
		FABE6B852C8E733B002F0F87 /* PhotoCardView.swift */ = {isa = PBXFileReference; lastKnownFileType = sourcecode.swift; path = PhotoCardView.swift; sourceTree = "<group>"; };
		FABE6B872C8E740D002F0F87 /* PhotosGridView.swift */ = {isa = PBXFileReference; lastKnownFileType = sourcecode.swift; path = PhotosGridView.swift; sourceTree = "<group>"; };
		FADB7D382C934D7D00B6BC37 /* SessionBuilder.swift */ = {isa = PBXFileReference; lastKnownFileType = sourcecode.swift; path = SessionBuilder.swift; sourceTree = "<group>"; };
		FADB7D3A2C93677D00B6BC37 /* BaseAPIService.swift */ = {isa = PBXFileReference; lastKnownFileType = sourcecode.swift; path = BaseAPIService.swift; sourceTree = "<group>"; };
/* End PBXFileReference section */

/* Begin PBXFrameworksBuildPhase section */
		FABE6B492C8E6B7B002F0F87 /* Frameworks */ = {
			isa = PBXFrameworksBuildPhase;
			buildActionMask = 2147483647;
			files = (
				FA2DE6612C93440C00A99164 /* Kingfisher in Frameworks */,
			);
			runOnlyForDeploymentPostprocessing = 0;
		};
		FABE6B592C8E6B7D002F0F87 /* Frameworks */ = {
			isa = PBXFrameworksBuildPhase;
			buildActionMask = 2147483647;
			files = (
			);
			runOnlyForDeploymentPostprocessing = 0;
		};
		FABE6B632C8E6B7D002F0F87 /* Frameworks */ = {
			isa = PBXFrameworksBuildPhase;
			buildActionMask = 2147483647;
			files = (
			);
			runOnlyForDeploymentPostprocessing = 0;
		};
/* End PBXFrameworksBuildPhase section */

/* Begin PBXGroup section */
		FA9B547A2C930CCE00A7A7F9 /* Persistence */ = {
			isa = PBXGroup;
			children = (
				FA9B54812C930D1C00A7A7F9 /* PersistenceService.swift */,
				FA9B547B2C930CF100A7A7F9 /* CoreDataService.swift */,
				FA9B547D2C930CFC00A7A7F9 /* UserDefaultsService.swift */,
				FA9B547F2C930D0B00A7A7F9 /* KeychainService.swift */,
			);
			path = Persistence;
			sourceTree = "<group>";
		};
		FA9B54892C930F5F00A7A7F9 /* Repositories */ = {
			isa = PBXGroup;
			children = (
				FA9B548A2C930F7700A7A7F9 /* Repository.swift */,
				FA9B548C2C930F8700A7A7F9 /* PicsumPhotoRepository.swift */,
			);
			path = Repositories;
			sourceTree = "<group>";
		};
		FAA2DDBE2C91E206005DD57D /* Services */ = {
			isa = PBXGroup;
			children = (
				FAA2DDBF2C91E216005DD57D /* API */,
				FA9B547A2C930CCE00A7A7F9 /* Persistence */,
				FAA2DDD52C91E5A8005DD57D /* RequestBuilders */,
				FAA2DDCB2C91E291005DD57D /* Bundle */,
			);
			path = Services;
			sourceTree = "<group>";
		};
		FAA2DDBF2C91E216005DD57D /* API */ = {
			isa = PBXGroup;
			children = (
				FA9B54752C930BC200A7A7F9 /* APIService.swift */,
				FADB7D3A2C93677D00B6BC37 /* BaseAPIService.swift */,
				FAA2DDC02C91E228005DD57D /* PicsumPhotosService.swift */,
				FA9B54772C930C5500A7A7F9 /* ServiceError.swift */,
			);
			path = API;
			sourceTree = "<group>";
		};
		FAA2DDC42C91E249005DD57D /* Network */ = {
			isa = PBXGroup;
			children = (
				FA9B54712C930B5F00A7A7F9 /* Network.swift */,
				FAA2DDC22C91E23F005DD57D /* NetworkManager.swift */,
				FADB7D382C934D7D00B6BC37 /* SessionBuilder.swift */,
				FA9B54732C930B8200A7A7F9 /* NetworkError.swift */,
			);
			path = Network;
			sourceTree = "<group>";
		};
		FAA2DDCB2C91E291005DD57D /* Bundle */ = {
			isa = PBXGroup;
			children = (
				FAA2DDC92C91E287005DD57D /* BundleManager.swift */,
				FA9B54852C930DD400A7A7F9 /* DefaultBundleManager.swift */,
				FA9B54872C930DF400A7A7F9 /* BundleError.swift */,
			);
			path = Bundle;
			sourceTree = "<group>";
		};
		FAA2DDD02C91E2D7005DD57D /* Helpers */ = {
			isa = PBXGroup;
			children = (
				FAA2DDCE2C91E2C9005DD57D /* DataSource.swift */,
			);
			path = Helpers;
			sourceTree = "<group>";
		};
		FAA2DDD52C91E5A8005DD57D /* RequestBuilders */ = {
			isa = PBXGroup;
			children = (
				FAA2DDD32C91E585005DD57D /* APIRequestBuilder.swift */,
				FAA2DDD62C91E60A005DD57D /* PicsumPhotosRequestBuilder.swift */,
				FA9B54832C930D7E00A7A7F9 /* HTTPMethod.swift */,
			);
			path = RequestBuilders;
			sourceTree = "<group>";
		};
		FAB064882C90F74C00643FF1 /* ViewModels */ = {
			isa = PBXGroup;
			children = (
				FAB064862C90F72B00643FF1 /* PhotosGridViewModel.swift */,
				FA9B548E2C930FEE00A7A7F9 /* ViewModelError.swift */,
			);
			path = ViewModels;
			sourceTree = "<group>";
		};
		FAB064892C90F76900643FF1 /* Models */ = {
			isa = PBXGroup;
			children = (
				FABE6B7C2C8E6F74002F0F87 /* PicsumPhoto.swift */,
			);
			path = Models;
			sourceTree = "<group>";
		};
		FAB0648B2C90F80200643FF1 /* MockData */ = {
			isa = PBXGroup;
			children = (
				FAB064822C90A4C000643FF1 /* TestPicsumPhotos.json */,
			);
			path = MockData;
			sourceTree = "<group>";
		};
		FABE6B432C8E6B7B002F0F87 = {
			isa = PBXGroup;
			children = (
				FABE6B792C8E6B8C002F0F87 /* README.md */,
				FABE6B4E2C8E6B7B002F0F87 /* PhotoFetcher */,
				FABE6B5F2C8E6B7D002F0F87 /* PhotoFetcherTests */,
				FABE6B4D2C8E6B7B002F0F87 /* Products */,
			);
			sourceTree = "<group>";
		};
		FABE6B4D2C8E6B7B002F0F87 /* Products */ = {
			isa = PBXGroup;
			children = (
				FABE6B4C2C8E6B7B002F0F87 /* PhotoFetcher.app */,
				FABE6B5C2C8E6B7D002F0F87 /* PhotoFetcherTests.xctest */,
				FABE6B662C8E6B7D002F0F87 /* PhotoFetcherUITests.xctest */,
			);
			name = Products;
			sourceTree = "<group>";
		};
		FABE6B4E2C8E6B7B002F0F87 /* PhotoFetcher */ = {
			isa = PBXGroup;
			children = (
				FABE6B4F2C8E6B7B002F0F87 /* PhotoFetchApp.swift */,
				FAA2DDC42C91E249005DD57D /* Network */,
				FAA2DDBE2C91E206005DD57D /* Services */,
				FA9B54892C930F5F00A7A7F9 /* Repositories */,
				FAB064882C90F74C00643FF1 /* ViewModels */,
				FABE6B7B2C8E6BD0002F0F87 /* Views */,
				FAB064892C90F76900643FF1 /* Models */,
				FAA2DDD02C91E2D7005DD57D /* Helpers */,
				FAB0648B2C90F80200643FF1 /* MockData */,
				FABE6B532C8E6B7D002F0F87 /* Assets.xcassets */,
				FABE6B552C8E6B7D002F0F87 /* Preview Content */,
			);
			path = PhotoFetcher;
			sourceTree = "<group>";
		};
		FABE6B552C8E6B7D002F0F87 /* Preview Content */ = {
			isa = PBXGroup;
			children = (
				FABE6B562C8E6B7D002F0F87 /* Preview Assets.xcassets */,
			);
			path = "Preview Content";
			sourceTree = "<group>";
		};
		FABE6B5F2C8E6B7D002F0F87 /* PhotoFetcherTests */ = {
			isa = PBXGroup;
			children = (
				FAB0648C2C90FC6900643FF1 /* NetworkManagerTests.swift */,
			);
			path = PhotoFetcherTests;
			sourceTree = "<group>";
		};
		FABE6B7B2C8E6BD0002F0F87 /* Views */ = {
			isa = PBXGroup;
			children = (
				FABE6B512C8E6B7B002F0F87 /* HomeView.swift */,
				FABE6B872C8E740D002F0F87 /* PhotosGridView.swift */,
				FABE6B852C8E733B002F0F87 /* PhotoCardView.swift */,
				FABE6B7E2C8E704E002F0F87 /* PhotoLoaderView.swift */,
			);
			path = Views;
			sourceTree = "<group>";
		};
/* End PBXGroup section */

/* Begin PBXNativeTarget section */
		FABE6B4B2C8E6B7B002F0F87 /* PhotoFetcher */ = {
			isa = PBXNativeTarget;
			buildConfigurationList = FABE6B702C8E6B7D002F0F87 /* Build configuration list for PBXNativeTarget "PhotoFetcher" */;
			buildPhases = (
				FABE6B482C8E6B7B002F0F87 /* Sources */,
				FABE6B492C8E6B7B002F0F87 /* Frameworks */,
				FABE6B4A2C8E6B7B002F0F87 /* Resources */,
			);
			buildRules = (
			);
			dependencies = (
			);
			name = PhotoFetcher;
			packageProductDependencies = (
				FA2DE6602C93440C00A99164 /* Kingfisher */,
			);
			productName = ImageAsync;
			productReference = FABE6B4C2C8E6B7B002F0F87 /* PhotoFetcher.app */;
			productType = "com.apple.product-type.application";
		};
		FABE6B5B2C8E6B7D002F0F87 /* PhotoFetcherTests */ = {
			isa = PBXNativeTarget;
			buildConfigurationList = FABE6B732C8E6B7D002F0F87 /* Build configuration list for PBXNativeTarget "PhotoFetcherTests" */;
			buildPhases = (
				FABE6B582C8E6B7D002F0F87 /* Sources */,
				FABE6B592C8E6B7D002F0F87 /* Frameworks */,
				FABE6B5A2C8E6B7D002F0F87 /* Resources */,
			);
			buildRules = (
			);
			dependencies = (
				FABE6B5E2C8E6B7D002F0F87 /* PBXTargetDependency */,
			);
			name = PhotoFetcherTests;
			productName = ImageAsyncTests;
			productReference = FABE6B5C2C8E6B7D002F0F87 /* PhotoFetcherTests.xctest */;
			productType = "com.apple.product-type.bundle.unit-test";
		};
		FABE6B652C8E6B7D002F0F87 /* PhotoFetcherUITests */ = {
			isa = PBXNativeTarget;
			buildConfigurationList = FABE6B762C8E6B7D002F0F87 /* Build configuration list for PBXNativeTarget "PhotoFetcherUITests" */;
			buildPhases = (
				FABE6B622C8E6B7D002F0F87 /* Sources */,
				FABE6B632C8E6B7D002F0F87 /* Frameworks */,
				FABE6B642C8E6B7D002F0F87 /* Resources */,
			);
			buildRules = (
			);
			dependencies = (
				FABE6B682C8E6B7D002F0F87 /* PBXTargetDependency */,
			);
			name = PhotoFetcherUITests;
			productName = ImageAsyncUITests;
			productReference = FABE6B662C8E6B7D002F0F87 /* PhotoFetcherUITests.xctest */;
			productType = "com.apple.product-type.bundle.ui-testing";
		};
/* End PBXNativeTarget section */

/* Begin PBXProject section */
		FABE6B442C8E6B7B002F0F87 /* Project object */ = {
			isa = PBXProject;
			attributes = {
				BuildIndependentTargetsInParallel = 1;
				LastSwiftUpdateCheck = 1540;
				LastUpgradeCheck = 1540;
				TargetAttributes = {
					FABE6B4B2C8E6B7B002F0F87 = {
						CreatedOnToolsVersion = 15.4;
					};
					FABE6B5B2C8E6B7D002F0F87 = {
						CreatedOnToolsVersion = 15.4;
						TestTargetID = FABE6B4B2C8E6B7B002F0F87;
					};
					FABE6B652C8E6B7D002F0F87 = {
						CreatedOnToolsVersion = 15.4;
						TestTargetID = FABE6B4B2C8E6B7B002F0F87;
					};
				};
			};
			buildConfigurationList = FABE6B472C8E6B7B002F0F87 /* Build configuration list for PBXProject "PhotoFetcher" */;
			compatibilityVersion = "Xcode 14.0";
			developmentRegion = en;
			hasScannedForEncodings = 0;
			knownRegions = (
				en,
				Base,
			);
			mainGroup = FABE6B432C8E6B7B002F0F87;
			packageReferences = (
				FA2DE65F2C93440C00A99164 /* XCRemoteSwiftPackageReference "Kingfisher" */,
			);
			productRefGroup = FABE6B4D2C8E6B7B002F0F87 /* Products */;
			projectDirPath = "";
			projectRoot = "";
			targets = (
				FABE6B4B2C8E6B7B002F0F87 /* PhotoFetcher */,
				FABE6B5B2C8E6B7D002F0F87 /* PhotoFetcherTests */,
				FABE6B652C8E6B7D002F0F87 /* PhotoFetcherUITests */,
			);
		};
/* End PBXProject section */

/* Begin PBXResourcesBuildPhase section */
		FABE6B4A2C8E6B7B002F0F87 /* Resources */ = {
			isa = PBXResourcesBuildPhase;
			buildActionMask = 2147483647;
			files = (
				FABE6B7A2C8E6B8C002F0F87 /* README.md in Resources */,
				FABE6B572C8E6B7D002F0F87 /* Preview Assets.xcassets in Resources */,
				FABE6B542C8E6B7D002F0F87 /* Assets.xcassets in Resources */,
				FAB064832C90A4C000643FF1 /* TestPicsumPhotos.json in Resources */,
			);
			runOnlyForDeploymentPostprocessing = 0;
		};
		FABE6B5A2C8E6B7D002F0F87 /* Resources */ = {
			isa = PBXResourcesBuildPhase;
			buildActionMask = 2147483647;
			files = (
			);
			runOnlyForDeploymentPostprocessing = 0;
		};
		FABE6B642C8E6B7D002F0F87 /* Resources */ = {
			isa = PBXResourcesBuildPhase;
			buildActionMask = 2147483647;
			files = (
			);
			runOnlyForDeploymentPostprocessing = 0;
		};
/* End PBXResourcesBuildPhase section */

/* Begin PBXSourcesBuildPhase section */
		FABE6B482C8E6B7B002F0F87 /* Sources */ = {
			isa = PBXSourcesBuildPhase;
			buildActionMask = 2147483647;
			files = (
				FA9B54762C930BC200A7A7F9 /* APIService.swift in Sources */,
				FA9B548F2C930FEE00A7A7F9 /* ViewModelError.swift in Sources */,
				FADB7D392C934D7D00B6BC37 /* SessionBuilder.swift in Sources */,
				FABE6B522C8E6B7B002F0F87 /* HomeView.swift in Sources */,
				FA9B54742C930B8200A7A7F9 /* NetworkError.swift in Sources */,
				FA9B54882C930DF400A7A7F9 /* BundleError.swift in Sources */,
				FA9B54822C930D1C00A7A7F9 /* PersistenceService.swift in Sources */,
				FABE6B7F2C8E704E002F0F87 /* PhotoLoaderView.swift in Sources */,
				FAA2DDCF2C91E2C9005DD57D /* DataSource.swift in Sources */,
				FAA2DDC32C91E23F005DD57D /* NetworkManager.swift in Sources */,
				FA9B54862C930DD400A7A7F9 /* DefaultBundleManager.swift in Sources */,
				FA9B54782C930C5500A7A7F9 /* ServiceError.swift in Sources */,
				FAA2DDC12C91E228005DD57D /* PicsumPhotosService.swift in Sources */,
				FA9B54722C930B5F00A7A7F9 /* Network.swift in Sources */,
				FAB064872C90F72B00643FF1 /* PhotosGridViewModel.swift in Sources */,
				FABE6B882C8E740D002F0F87 /* PhotosGridView.swift in Sources */,
				FA9B54802C930D0B00A7A7F9 /* KeychainService.swift in Sources */,
				FABE6B862C8E733B002F0F87 /* PhotoCardView.swift in Sources */,
				FA9B547E2C930CFC00A7A7F9 /* UserDefaultsService.swift in Sources */,
				FA9B547C2C930CF100A7A7F9 /* CoreDataService.swift in Sources */,
				FAA2DDCA2C91E287005DD57D /* BundleManager.swift in Sources */,
				FAA2DDD42C91E585005DD57D /* APIRequestBuilder.swift in Sources */,
				FAA2DDD72C91E60A005DD57D /* PicsumPhotosRequestBuilder.swift in Sources */,
				FA9B548B2C930F7700A7A7F9 /* Repository.swift in Sources */,
				FA9B54842C930D7E00A7A7F9 /* HTTPMethod.swift in Sources */,
				FABE6B7D2C8E6F74002F0F87 /* PicsumPhoto.swift in Sources */,
				FA9B548D2C930F8700A7A7F9 /* PicsumPhotoRepository.swift in Sources */,
				FABE6B502C8E6B7B002F0F87 /* PhotoFetchApp.swift in Sources */,
				FADB7D3B2C93677D00B6BC37 /* BaseAPIService.swift in Sources */,
			);
			runOnlyForDeploymentPostprocessing = 0;
		};
		FABE6B582C8E6B7D002F0F87 /* Sources */ = {
			isa = PBXSourcesBuildPhase;
			buildActionMask = 2147483647;
			files = (
				FAB0648D2C90FC6900643FF1 /* NetworkManagerTests.swift in Sources */,
			);
			runOnlyForDeploymentPostprocessing = 0;
		};
		FABE6B622C8E6B7D002F0F87 /* Sources */ = {
			isa = PBXSourcesBuildPhase;
			buildActionMask = 2147483647;
			files = (
			);
			runOnlyForDeploymentPostprocessing = 0;
		};
/* End PBXSourcesBuildPhase section */

/* Begin PBXTargetDependency section */
		FABE6B5E2C8E6B7D002F0F87 /* PBXTargetDependency */ = {
			isa = PBXTargetDependency;
			target = FABE6B4B2C8E6B7B002F0F87 /* PhotoFetcher */;
			targetProxy = FABE6B5D2C8E6B7D002F0F87 /* PBXContainerItemProxy */;
		};
		FABE6B682C8E6B7D002F0F87 /* PBXTargetDependency */ = {
			isa = PBXTargetDependency;
			target = FABE6B4B2C8E6B7B002F0F87 /* PhotoFetcher */;
			targetProxy = FABE6B672C8E6B7D002F0F87 /* PBXContainerItemProxy */;
		};
/* End PBXTargetDependency section */

/* Begin XCBuildConfiguration section */
		FABE6B6E2C8E6B7D002F0F87 /* Debug */ = {
			isa = XCBuildConfiguration;
			buildSettings = {
				ALWAYS_SEARCH_USER_PATHS = NO;
				ASSETCATALOG_COMPILER_GENERATE_SWIFT_ASSET_SYMBOL_EXTENSIONS = YES;
				CLANG_ANALYZER_NONNULL = YES;
				CLANG_ANALYZER_NUMBER_OBJECT_CONVERSION = YES_AGGRESSIVE;
				CLANG_CXX_LANGUAGE_STANDARD = "gnu++20";
				CLANG_ENABLE_MODULES = YES;
				CLANG_ENABLE_OBJC_ARC = YES;
				CLANG_ENABLE_OBJC_WEAK = YES;
				CLANG_WARN_BLOCK_CAPTURE_AUTORELEASING = YES;
				CLANG_WARN_BOOL_CONVERSION = YES;
				CLANG_WARN_COMMA = YES;
				CLANG_WARN_CONSTANT_CONVERSION = YES;
				CLANG_WARN_DEPRECATED_OBJC_IMPLEMENTATIONS = YES;
				CLANG_WARN_DIRECT_OBJC_ISA_USAGE = YES_ERROR;
				CLANG_WARN_DOCUMENTATION_COMMENTS = YES;
				CLANG_WARN_EMPTY_BODY = YES;
				CLANG_WARN_ENUM_CONVERSION = YES;
				CLANG_WARN_INFINITE_RECURSION = YES;
				CLANG_WARN_INT_CONVERSION = YES;
				CLANG_WARN_NON_LITERAL_NULL_CONVERSION = YES;
				CLANG_WARN_OBJC_IMPLICIT_RETAIN_SELF = YES;
				CLANG_WARN_OBJC_LITERAL_CONVERSION = YES;
				CLANG_WARN_OBJC_ROOT_CLASS = YES_ERROR;
				CLANG_WARN_QUOTED_INCLUDE_IN_FRAMEWORK_HEADER = YES;
				CLANG_WARN_RANGE_LOOP_ANALYSIS = YES;
				CLANG_WARN_STRICT_PROTOTYPES = YES;
				CLANG_WARN_SUSPICIOUS_MOVE = YES;
				CLANG_WARN_UNGUARDED_AVAILABILITY = YES_AGGRESSIVE;
				CLANG_WARN_UNREACHABLE_CODE = YES;
				CLANG_WARN__DUPLICATE_METHOD_MATCH = YES;
				COPY_PHASE_STRIP = NO;
				DEBUG_INFORMATION_FORMAT = dwarf;
				ENABLE_STRICT_OBJC_MSGSEND = YES;
				ENABLE_TESTABILITY = YES;
				ENABLE_USER_SCRIPT_SANDBOXING = YES;
				GCC_C_LANGUAGE_STANDARD = gnu17;
				GCC_DYNAMIC_NO_PIC = NO;
				GCC_NO_COMMON_BLOCKS = YES;
				GCC_OPTIMIZATION_LEVEL = 0;
				GCC_PREPROCESSOR_DEFINITIONS = (
					"DEBUG=1",
					"$(inherited)",
				);
				GCC_WARN_64_TO_32_BIT_CONVERSION = YES;
				GCC_WARN_ABOUT_RETURN_TYPE = YES_ERROR;
				GCC_WARN_UNDECLARED_SELECTOR = YES;
				GCC_WARN_UNINITIALIZED_AUTOS = YES_AGGRESSIVE;
				GCC_WARN_UNUSED_FUNCTION = YES;
				GCC_WARN_UNUSED_VARIABLE = YES;
				IPHONEOS_DEPLOYMENT_TARGET = 17.5;
				LOCALIZATION_PREFERS_STRING_CATALOGS = YES;
				MTL_ENABLE_DEBUG_INFO = INCLUDE_SOURCE;
				MTL_FAST_MATH = YES;
				ONLY_ACTIVE_ARCH = YES;
				SDKROOT = iphoneos;
				SWIFT_ACTIVE_COMPILATION_CONDITIONS = "DEBUG $(inherited)";
				SWIFT_OPTIMIZATION_LEVEL = "-Onone";
			};
			name = Debug;
		};
		FABE6B6F2C8E6B7D002F0F87 /* Release */ = {
			isa = XCBuildConfiguration;
			buildSettings = {
				ALWAYS_SEARCH_USER_PATHS = NO;
				ASSETCATALOG_COMPILER_GENERATE_SWIFT_ASSET_SYMBOL_EXTENSIONS = YES;
				CLANG_ANALYZER_NONNULL = YES;
				CLANG_ANALYZER_NUMBER_OBJECT_CONVERSION = YES_AGGRESSIVE;
				CLANG_CXX_LANGUAGE_STANDARD = "gnu++20";
				CLANG_ENABLE_MODULES = YES;
				CLANG_ENABLE_OBJC_ARC = YES;
				CLANG_ENABLE_OBJC_WEAK = YES;
				CLANG_WARN_BLOCK_CAPTURE_AUTORELEASING = YES;
				CLANG_WARN_BOOL_CONVERSION = YES;
				CLANG_WARN_COMMA = YES;
				CLANG_WARN_CONSTANT_CONVERSION = YES;
				CLANG_WARN_DEPRECATED_OBJC_IMPLEMENTATIONS = YES;
				CLANG_WARN_DIRECT_OBJC_ISA_USAGE = YES_ERROR;
				CLANG_WARN_DOCUMENTATION_COMMENTS = YES;
				CLANG_WARN_EMPTY_BODY = YES;
				CLANG_WARN_ENUM_CONVERSION = YES;
				CLANG_WARN_INFINITE_RECURSION = YES;
				CLANG_WARN_INT_CONVERSION = YES;
				CLANG_WARN_NON_LITERAL_NULL_CONVERSION = YES;
				CLANG_WARN_OBJC_IMPLICIT_RETAIN_SELF = YES;
				CLANG_WARN_OBJC_LITERAL_CONVERSION = YES;
				CLANG_WARN_OBJC_ROOT_CLASS = YES_ERROR;
				CLANG_WARN_QUOTED_INCLUDE_IN_FRAMEWORK_HEADER = YES;
				CLANG_WARN_RANGE_LOOP_ANALYSIS = YES;
				CLANG_WARN_STRICT_PROTOTYPES = YES;
				CLANG_WARN_SUSPICIOUS_MOVE = YES;
				CLANG_WARN_UNGUARDED_AVAILABILITY = YES_AGGRESSIVE;
				CLANG_WARN_UNREACHABLE_CODE = YES;
				CLANG_WARN__DUPLICATE_METHOD_MATCH = YES;
				COPY_PHASE_STRIP = NO;
				DEBUG_INFORMATION_FORMAT = "dwarf-with-dsym";
				ENABLE_NS_ASSERTIONS = NO;
				ENABLE_STRICT_OBJC_MSGSEND = YES;
				ENABLE_USER_SCRIPT_SANDBOXING = YES;
				GCC_C_LANGUAGE_STANDARD = gnu17;
				GCC_NO_COMMON_BLOCKS = YES;
				GCC_WARN_64_TO_32_BIT_CONVERSION = YES;
				GCC_WARN_ABOUT_RETURN_TYPE = YES_ERROR;
				GCC_WARN_UNDECLARED_SELECTOR = YES;
				GCC_WARN_UNINITIALIZED_AUTOS = YES_AGGRESSIVE;
				GCC_WARN_UNUSED_FUNCTION = YES;
				GCC_WARN_UNUSED_VARIABLE = YES;
				IPHONEOS_DEPLOYMENT_TARGET = 17.5;
				LOCALIZATION_PREFERS_STRING_CATALOGS = YES;
				MTL_ENABLE_DEBUG_INFO = NO;
				MTL_FAST_MATH = YES;
				SDKROOT = iphoneos;
				SWIFT_COMPILATION_MODE = wholemodule;
				VALIDATE_PRODUCT = YES;
			};
			name = Release;
		};
		FABE6B712C8E6B7D002F0F87 /* Debug */ = {
			isa = XCBuildConfiguration;
			buildSettings = {
				ASSETCATALOG_COMPILER_APPICON_NAME = AppIcon;
				ASSETCATALOG_COMPILER_GLOBAL_ACCENT_COLOR_NAME = AccentColor;
				CODE_SIGN_IDENTITY = "Apple Development";
				CODE_SIGN_STYLE = Automatic;
				CURRENT_PROJECT_VERSION = 1;
				DEVELOPMENT_ASSET_PATHS = "PhotoFetcher/Preview\\ Content";
				DEVELOPMENT_TEAM = CR42C4ETD5;
				ENABLE_PREVIEWS = YES;
				GENERATE_INFOPLIST_FILE = YES;
				INFOPLIST_KEY_UIApplicationSceneManifest_Generation = YES;
				INFOPLIST_KEY_UIApplicationSupportsIndirectInputEvents = YES;
				INFOPLIST_KEY_UILaunchScreen_Generation = YES;
				INFOPLIST_KEY_UISupportedInterfaceOrientations_iPad = "UIInterfaceOrientationPortrait UIInterfaceOrientationPortraitUpsideDown UIInterfaceOrientationLandscapeLeft UIInterfaceOrientationLandscapeRight";
				INFOPLIST_KEY_UISupportedInterfaceOrientations_iPhone = "UIInterfaceOrientationPortrait UIInterfaceOrientationLandscapeLeft UIInterfaceOrientationLandscapeRight";
				LD_RUNPATH_SEARCH_PATHS = (
					"$(inherited)",
					"@executable_path/Frameworks",
				);
				MARKETING_VERSION = 1.0;
				PRODUCT_BUNDLE_IDENTIFIER = com.enterthesource.PhotoFetcher;
				PRODUCT_NAME = "$(TARGET_NAME)";
				PROVISIONING_PROFILE_SPECIFIER = "";
				SWIFT_EMIT_LOC_STRINGS = YES;
				SWIFT_VERSION = 5.0;
				TARGETED_DEVICE_FAMILY = "1,2";
			};
			name = Debug;
		};
		FABE6B722C8E6B7D002F0F87 /* Release */ = {
			isa = XCBuildConfiguration;
			buildSettings = {
				ASSETCATALOG_COMPILER_APPICON_NAME = AppIcon;
				ASSETCATALOG_COMPILER_GLOBAL_ACCENT_COLOR_NAME = AccentColor;
				CODE_SIGN_IDENTITY = "Apple Development";
				CODE_SIGN_STYLE = Automatic;
				CURRENT_PROJECT_VERSION = 1;
				DEVELOPMENT_ASSET_PATHS = "PhotoFetcher/Preview\\ Content";
				DEVELOPMENT_TEAM = CR42C4ETD5;
				ENABLE_PREVIEWS = YES;
				GENERATE_INFOPLIST_FILE = YES;
				INFOPLIST_KEY_UIApplicationSceneManifest_Generation = YES;
				INFOPLIST_KEY_UIApplicationSupportsIndirectInputEvents = YES;
				INFOPLIST_KEY_UILaunchScreen_Generation = YES;
				INFOPLIST_KEY_UISupportedInterfaceOrientations_iPad = "UIInterfaceOrientationPortrait UIInterfaceOrientationPortraitUpsideDown UIInterfaceOrientationLandscapeLeft UIInterfaceOrientationLandscapeRight";
				INFOPLIST_KEY_UISupportedInterfaceOrientations_iPhone = "UIInterfaceOrientationPortrait UIInterfaceOrientationLandscapeLeft UIInterfaceOrientationLandscapeRight";
				LD_RUNPATH_SEARCH_PATHS = (
					"$(inherited)",
					"@executable_path/Frameworks",
				);
				MARKETING_VERSION = 1.0;
				PRODUCT_BUNDLE_IDENTIFIER = com.enterthesource.PhotoFetcher;
				PRODUCT_NAME = "$(TARGET_NAME)";
				PROVISIONING_PROFILE_SPECIFIER = "";
				SWIFT_EMIT_LOC_STRINGS = YES;
				SWIFT_VERSION = 5.0;
				TARGETED_DEVICE_FAMILY = "1,2";
			};
			name = Release;
		};
		FABE6B742C8E6B7D002F0F87 /* Debug */ = {
			isa = XCBuildConfiguration;
			buildSettings = {
				ALWAYS_EMBED_SWIFT_STANDARD_LIBRARIES = YES;
				BUNDLE_LOADER = "$(TEST_HOST)";
				CODE_SIGN_STYLE = Automatic;
				CURRENT_PROJECT_VERSION = 1;
				DEVELOPMENT_TEAM = XN6MYS666M;
				GENERATE_INFOPLIST_FILE = YES;
				IPHONEOS_DEPLOYMENT_TARGET = 17.5;
				MARKETING_VERSION = 1.0;
				PRODUCT_BUNDLE_IDENTIFIER = com.enterthesource.ImageAsyncTests;
				PRODUCT_NAME = "$(TARGET_NAME)";
				SWIFT_EMIT_LOC_STRINGS = NO;
				SWIFT_VERSION = 5.0;
				TARGETED_DEVICE_FAMILY = "1,2";
				TEST_HOST = "$(BUILT_PRODUCTS_DIR)/PhotoFetcher.app/$(BUNDLE_EXECUTABLE_FOLDER_PATH)/PhotoFetcher";
			};
			name = Debug;
		};
		FABE6B752C8E6B7D002F0F87 /* Release */ = {
			isa = XCBuildConfiguration;
			buildSettings = {
				ALWAYS_EMBED_SWIFT_STANDARD_LIBRARIES = YES;
				BUNDLE_LOADER = "$(TEST_HOST)";
				CODE_SIGN_STYLE = Automatic;
				CURRENT_PROJECT_VERSION = 1;
				DEVELOPMENT_TEAM = XN6MYS666M;
				GENERATE_INFOPLIST_FILE = YES;
				IPHONEOS_DEPLOYMENT_TARGET = 17.5;
				MARKETING_VERSION = 1.0;
				PRODUCT_BUNDLE_IDENTIFIER = com.enterthesource.ImageAsyncTests;
				PRODUCT_NAME = "$(TARGET_NAME)";
				SWIFT_EMIT_LOC_STRINGS = NO;
				SWIFT_VERSION = 5.0;
				TARGETED_DEVICE_FAMILY = "1,2";
				TEST_HOST = "$(BUILT_PRODUCTS_DIR)/PhotoFetcher.app/$(BUNDLE_EXECUTABLE_FOLDER_PATH)/PhotoFetcher";
			};
			name = Release;
		};
		FABE6B772C8E6B7D002F0F87 /* Debug */ = {
			isa = XCBuildConfiguration;
			buildSettings = {
				ALWAYS_EMBED_SWIFT_STANDARD_LIBRARIES = YES;
				CODE_SIGN_STYLE = Automatic;
				CURRENT_PROJECT_VERSION = 1;
				DEVELOPMENT_TEAM = XN6MYS666M;
				GENERATE_INFOPLIST_FILE = YES;
				MARKETING_VERSION = 1.0;
				PRODUCT_BUNDLE_IDENTIFIER = com.enterthesource.ImageAsyncUITests;
				PRODUCT_NAME = "$(TARGET_NAME)";
				SWIFT_EMIT_LOC_STRINGS = NO;
				SWIFT_VERSION = 5.0;
				TARGETED_DEVICE_FAMILY = "1,2";
				TEST_TARGET_NAME = ImageAsync;
			};
			name = Debug;
		};
		FABE6B782C8E6B7D002F0F87 /* Release */ = {
			isa = XCBuildConfiguration;
			buildSettings = {
				ALWAYS_EMBED_SWIFT_STANDARD_LIBRARIES = YES;
				CODE_SIGN_STYLE = Automatic;
				CURRENT_PROJECT_VERSION = 1;
				DEVELOPMENT_TEAM = XN6MYS666M;
				GENERATE_INFOPLIST_FILE = YES;
				MARKETING_VERSION = 1.0;
				PRODUCT_BUNDLE_IDENTIFIER = com.enterthesource.ImageAsyncUITests;
				PRODUCT_NAME = "$(TARGET_NAME)";
				SWIFT_EMIT_LOC_STRINGS = NO;
				SWIFT_VERSION = 5.0;
				TARGETED_DEVICE_FAMILY = "1,2";
				TEST_TARGET_NAME = ImageAsync;
			};
			name = Release;
		};
/* End XCBuildConfiguration section */

/* Begin XCConfigurationList section */
		FABE6B472C8E6B7B002F0F87 /* Build configuration list for PBXProject "PhotoFetcher" */ = {
			isa = XCConfigurationList;
			buildConfigurations = (
				FABE6B6E2C8E6B7D002F0F87 /* Debug */,
				FABE6B6F2C8E6B7D002F0F87 /* Release */,
			);
			defaultConfigurationIsVisible = 0;
			defaultConfigurationName = Release;
		};
		FABE6B702C8E6B7D002F0F87 /* Build configuration list for PBXNativeTarget "PhotoFetcher" */ = {
			isa = XCConfigurationList;
			buildConfigurations = (
				FABE6B712C8E6B7D002F0F87 /* Debug */,
				FABE6B722C8E6B7D002F0F87 /* Release */,
			);
			defaultConfigurationIsVisible = 0;
			defaultConfigurationName = Release;
		};
		FABE6B732C8E6B7D002F0F87 /* Build configuration list for PBXNativeTarget "PhotoFetcherTests" */ = {
			isa = XCConfigurationList;
			buildConfigurations = (
				FABE6B742C8E6B7D002F0F87 /* Debug */,
				FABE6B752C8E6B7D002F0F87 /* Release */,
			);
			defaultConfigurationIsVisible = 0;
			defaultConfigurationName = Release;
		};
		FABE6B762C8E6B7D002F0F87 /* Build configuration list for PBXNativeTarget "PhotoFetcherUITests" */ = {
			isa = XCConfigurationList;
			buildConfigurations = (
				FABE6B772C8E6B7D002F0F87 /* Debug */,
				FABE6B782C8E6B7D002F0F87 /* Release */,
			);
			defaultConfigurationIsVisible = 0;
			defaultConfigurationName = Release;
		};
/* End XCConfigurationList section */

/* Begin XCRemoteSwiftPackageReference section */
		FA2DE65F2C93440C00A99164 /* XCRemoteSwiftPackageReference "Kingfisher" */ = {
			isa = XCRemoteSwiftPackageReference;
			repositoryURL = "https://github.com/onevcat/Kingfisher.git";
			requirement = {
				kind = upToNextMajorVersion;
				minimumVersion = 7.12.0;
			};
		};
/* End XCRemoteSwiftPackageReference section */

/* Begin XCSwiftPackageProductDependency section */
		FA2DE6602C93440C00A99164 /* Kingfisher */ = {
			isa = XCSwiftPackageProductDependency;
			package = FA2DE65F2C93440C00A99164 /* XCRemoteSwiftPackageReference "Kingfisher" */;
			productName = Kingfisher;
		};
/* End XCSwiftPackageProductDependency section */
	};
	rootObject = FABE6B442C8E6B7B002F0F87 /* Project object */;
}
